PODS:
  - Alamofire (4.3.0)
  - MBProgressHUD (1.0.0)

DEPENDENCIES:
  - Alamofire
  - MBProgressHUD

SPEC REPOS:
  https://github.com/cocoapods/specs.git:
    - Alamofire
    - MBProgressHUD

SPEC CHECKSUMS:
  Alamofire: 856a113053a7bc9cbe5d6367a555d773fc5cfef7
  MBProgressHUD: 4890f671c94e8a0f3cf959aa731e9de2f036d71a

PODFILE CHECKSUM: 053f259f2c08e6891bd94fc9763ffee1cf943f8a

COCOAPODS: 1.5.2
